{
  "lockfileVersion": 1,
  "configVersion": 1,
  "workspaces": {
    "": {
      "dependencies": {
        "@opencode-ai/plugin": "1.1.55",
      },
    },
  },
  "packages": {
    "@opencode-ai/plugin": ["@opencode-ai/plugin@1.1.55", "", { "dependencies": { "@opencode-ai/sdk": "1.1.55", "zod": "4.1.8" } }, "sha512-BOp+4DONB+9X5n9wO3jkgkqJvKJCwfSeA4I4W8ICewx3UfEoVCpsojogojhb+fHWqfItuk3fOzZBJt37nLBkoQ=="],

    "@opencode-ai/sdk": ["@opencode-ai/sdk@1.1.55", "", {}, "sha512-erP+vjM26sJeezms+EZl8sdk6aIV2WTzC4dVJCBPjio1p1bcq5srhkRNEdu/uQbm9LkNSHy9L1xiO+vc8uYzFA=="],

    "zod": ["zod@4.1.8", "", {}, "sha512-5R1P+WwQqmmMIEACyzSvo4JXHY5WiAFHRMg+zBZKgKS+Q1viRa0C1hmUKtHltoIFKtIdki3pRxkmpP74jnNYHQ=="],
  }
}
